PODS:
  - Alamofire (4.6.0)
  - HexColors (6.0.0)
  - OrderedSet (2.0.6)
  - STRegex (1.1.0)
  - SwiftDate (4.5.1)
  - SwiftSoup (1.6.0)
  - SwiftyJSON (4.0.0)

DEPENDENCIES:
  - Alamofire
  - HexColors
  - OrderedSet
  - STRegex
  - SwiftDate
  - SwiftSoup
  - SwiftyJSON

SPEC CHECKSUMS:
  Alamofire: f41a599bd63041760b26d393ec1069d9d7b917f4
  HexColors: f8c66339541a74bb08905bfe7cd4f8cc85e9e173
  OrderedSet: d325b3f06a4eda704344b5030b5fc04de9e6b41c
  STRegex: eb1f4c2fe9e2f0265b8df8634774cd8cd8914018
  SwiftDate: 7b56d42a221f582047287deb256b23fc5ed49a60
  SwiftSoup: db0634b1571304cfef38eb0ee6505eb7d06765f1
  SwiftyJSON: 070dabdcb1beb81b247c65ffa3a79dbbfb3b48aa

PODFILE CHECKSUM: 164a1b5acc473fc037dac0b98602484c0fafc203

COCOAPODS: 1.3.1
