// !$*UTF8*$!
{
	archiveVersion = 1;
	classes = {
	};
	objectVersion = 48;
	objects = {

/* Begin PBXBuildFile section */
		0BAFC765AFAF1A8CBFCCA304 /* Pods_BandcampWeekly.framework in Frameworks */ = {isa = PBXBuildFile; fileRef = 49A5148843CCC13C99A92FB7 /* Pods_BandcampWeekly.framework */; };
		19ED0167DFB94B920F2BA024 /* BandcampRequest.swift in Sources */ = {isa = PBXBuildFile; fileRef = 19ED040FEF2CBF654A020DBC /* BandcampRequest.swift */; };
		19ED0297233523E137472473 /* SettingViewController.swift in Sources */ = {isa = PBXBuildFile; fileRef = 19ED01AA559B1F9AAF0159FD /* SettingViewController.swift */; };
		19ED047F3DC281F5D8E3260E /* DownloadingNotification.swift in Sources */ = {isa = PBXBuildFile; fileRef = 19ED0939CEEFD12C6693B8D1 /* DownloadingNotification.swift */; };
		19ED04FAFEFDEE5EE82D33DD /* BandcampModel.swift in Sources */ = {isa = PBXBuildFile; fileRef = 19ED0091FB3770F7DCC27371 /* BandcampModel.swift */; };
		19ED058EDD519F24218BE8BC /* DownloadingModel.swift in Sources */ = {isa = PBXBuildFile; fileRef = 19ED027F21F5BB19A12640B4 /* DownloadingModel.swift */; };
		19ED05A2BD1D953AA06B5228 /* AudioPlayer.swift in Sources */ = {isa = PBXBuildFile; fileRef = 19ED081D1D57BD3C8A85CAA6 /* AudioPlayer.swift */; };
		19ED062CF7D0992A78F2F678 /* HistoryModel.swift in Sources */ = {isa = PBXBuildFile; fileRef = 19ED02DD061BF8276D4A0E76 /* HistoryModel.swift */; };
		19ED0653E32AD43A159EF58F /* NSImageResize.swift in Sources */ = {isa = PBXBuildFile; fileRef = 19ED02CDD06F0BF088797BBA /* NSImageResize.swift */; };
		19ED065BC7DC72D3F5B47770 /* BCImage.swift in Sources */ = {isa = PBXBuildFile; fileRef = 19ED089E569B094F77941468 /* BCImage.swift */; };
		19ED06EC04709438957A5CF9 /* AboutController.swift in Sources */ = {isa = PBXBuildFile; fileRef = 19ED0699F48EA465C2CFC563 /* AboutController.swift */; };
		19ED074DC385D7A5CB8FF5A7 /* WeeklyModel.swift in Sources */ = {isa = PBXBuildFile; fileRef = 19ED04C1101BC310233BA9CC /* WeeklyModel.swift */; };
		19ED07F303348CA6D75A76E0 /* BCColor.swift in Sources */ = {isa = PBXBuildFile; fileRef = 19ED0324E303C5EB0BF3488C /* BCColor.swift */; };
		19ED08743D6BF671327E5C3C /* DataNotification.swift in Sources */ = {isa = PBXBuildFile; fileRef = 19ED03410A627888B6FFEEA6 /* DataNotification.swift */; };
		19ED0C4C345A5F90E260A3C8 /* PreferenceViewController.swift in Sources */ = {isa = PBXBuildFile; fileRef = 19ED01EEE3992DF0216749CC /* PreferenceViewController.swift */; };
		19ED0C7023394CCF6F566833 /* EventMonitor.swift in Sources */ = {isa = PBXBuildFile; fileRef = 19ED0C645E4A781955BCF591 /* EventMonitor.swift */; };
		19ED0E41C9BE19CEC920B917 /* BandcampCache.swift in Sources */ = {isa = PBXBuildFile; fileRef = 19ED0C0CF0EEC874D392B76A /* BandcampCache.swift */; };
		19ED0EF11AB2286CFCBE9530 /* TrackModel.swift in Sources */ = {isa = PBXBuildFile; fileRef = 19ED0DB4F4626CC454F7DC96 /* TrackModel.swift */; };
		19ED0F82A63EFDA9A9AC323A /* DownloadingViewController.swift in Sources */ = {isa = PBXBuildFile; fileRef = 19ED030C9CA8179CA6E6A531 /* DownloadingViewController.swift */; };
		19ED0FD29AB02A8403BCBBE3 /* PlayerNotification.swift in Sources */ = {isa = PBXBuildFile; fileRef = 19ED0363A020011A73EA1AF3 /* PlayerNotification.swift */; };
		3F1F885320172EA600B654DE /* TrackItem.swift in Sources */ = {isa = PBXBuildFile; fileRef = 3F1F885120172EA600B654DE /* TrackItem.swift */; };
		3F1F885420172EA600B654DE /* TrackItem.xib in Resources */ = {isa = PBXBuildFile; fileRef = 3F1F885220172EA600B654DE /* TrackItem.xib */; };
		3F4BF9DB1FF5E57100E8F281 /* AppDelegate.swift in Sources */ = {isa = PBXBuildFile; fileRef = 3F4BF9DA1FF5E57100E8F281 /* AppDelegate.swift */; };
		3F4BF9DD1FF5E57100E8F281 /* ViewController.swift in Sources */ = {isa = PBXBuildFile; fileRef = 3F4BF9DC1FF5E57100E8F281 /* ViewController.swift */; };
		3F4BF9DF1FF5E57100E8F281 /* Assets.xcassets in Resources */ = {isa = PBXBuildFile; fileRef = 3F4BF9DE1FF5E57100E8F281 /* Assets.xcassets */; };
		3F4BF9E21FF5E57100E8F281 /* Main.storyboard in Resources */ = {isa = PBXBuildFile; fileRef = 3F4BF9E01FF5E57100E8F281 /* Main.storyboard */; };
		3F78E58520104C380025D4EB /* Preference.storyboard in Resources */ = {isa = PBXBuildFile; fileRef = 3F78E58420104C380025D4EB /* Preference.storyboard */; };
		3F78E58920104EAF0025D4EB /* PreferenceWindowController.swift in Sources */ = {isa = PBXBuildFile; fileRef = 3F78E58820104EAF0025D4EB /* PreferenceWindowController.swift */; };
		3F78E58C2010832A0025D4EB /* DownloadingViewItem.swift in Sources */ = {isa = PBXBuildFile; fileRef = 3F78E58A2010832A0025D4EB /* DownloadingViewItem.swift */; };
		3F78E58D2010832A0025D4EB /* DownloadingViewItem.xib in Resources */ = {isa = PBXBuildFile; fileRef = 3F78E58B2010832A0025D4EB /* DownloadingViewItem.xib */; };
		3F84A2222019DC0200A6C2B8 /* HistoryWeekly.swift in Sources */ = {isa = PBXBuildFile; fileRef = 3F84A2202019DC0200A6C2B8 /* HistoryWeekly.swift */; };
		3F84A2232019DC0200A6C2B8 /* HistoryWeekly.xib in Resources */ = {isa = PBXBuildFile; fileRef = 3F84A2212019DC0200A6C2B8 /* HistoryWeekly.xib */; };
		3F84A2262019DC2B00A6C2B8 /* About.storyboard in Resources */ = {isa = PBXBuildFile; fileRef = 3F84A2252019DC2B00A6C2B8 /* About.storyboard */; };
		3F84A2282019DDDC00A6C2B8 /* AboutWindowController.swift in Sources */ = {isa = PBXBuildFile; fileRef = 3F84A2272019DDDC00A6C2B8 /* AboutWindowController.swift */; };
/* End PBXBuildFile section */

/* Begin PBXBuildRule section */
		3F793BDB2006027100BF3C05 /* PBXBuildRule */ = {
			isa = PBXBuildRule;
			compilerSpec = com.apple.compilers.llvm.clang.1_0;
			fileType = image.png;
			isEditable = 1;
			outputFiles = (
				"$(DERIVED_FILE_DIR)/myfile",
			);
			script = "# copypng\n";
		};
/* End PBXBuildRule section */

/* Begin PBXFileReference section */
		19ED0091FB3770F7DCC27371 /* BandcampModel.swift */ = {isa = PBXFileReference; fileEncoding = 4; lastKnownFileType = sourcecode.swift; path = BandcampModel.swift; sourceTree = "<group>"; };
		19ED01AA559B1F9AAF0159FD /* SettingViewController.swift */ = {isa = PBXFileReference; fileEncoding = 4; lastKnownFileType = sourcecode.swift; path = SettingViewController.swift; sourceTree = "<group>"; };
		19ED01EEE3992DF0216749CC /* PreferenceViewController.swift */ = {isa = PBXFileReference; fileEncoding = 4; lastKnownFileType = sourcecode.swift; path = PreferenceViewController.swift; sourceTree = "<group>"; };
		19ED027F21F5BB19A12640B4 /* DownloadingModel.swift */ = {isa = PBXFileReference; fileEncoding = 4; lastKnownFileType = sourcecode.swift; path = DownloadingModel.swift; sourceTree = "<group>"; };
		19ED02CDD06F0BF088797BBA /* NSImageResize.swift */ = {isa = PBXFileReference; fileEncoding = 4; lastKnownFileType = sourcecode.swift; path = NSImageResize.swift; sourceTree = "<group>"; };
		19ED02DD061BF8276D4A0E76 /* HistoryModel.swift */ = {isa = PBXFileReference; fileEncoding = 4; lastKnownFileType = sourcecode.swift; path = HistoryModel.swift; sourceTree = "<group>"; };
		19ED030C9CA8179CA6E6A531 /* DownloadingViewController.swift */ = {isa = PBXFileReference; fileEncoding = 4; lastKnownFileType = sourcecode.swift; path = DownloadingViewController.swift; sourceTree = "<group>"; };
		19ED0324E303C5EB0BF3488C /* BCColor.swift */ = {isa = PBXFileReference; fileEncoding = 4; lastKnownFileType = sourcecode.swift; path = BCColor.swift; sourceTree = "<group>"; };
		19ED03410A627888B6FFEEA6 /* DataNotification.swift */ = {isa = PBXFileReference; fileEncoding = 4; lastKnownFileType = sourcecode.swift; path = DataNotification.swift; sourceTree = "<group>"; };
		19ED0363A020011A73EA1AF3 /* PlayerNotification.swift */ = {isa = PBXFileReference; fileEncoding = 4; lastKnownFileType = sourcecode.swift; path = PlayerNotification.swift; sourceTree = "<group>"; };
		19ED040FEF2CBF654A020DBC /* BandcampRequest.swift */ = {isa = PBXFileReference; fileEncoding = 4; lastKnownFileType = sourcecode.swift; path = BandcampRequest.swift; sourceTree = "<group>"; };
		19ED04C1101BC310233BA9CC /* WeeklyModel.swift */ = {isa = PBXFileReference; fileEncoding = 4; lastKnownFileType = sourcecode.swift; path = WeeklyModel.swift; sourceTree = "<group>"; };
		19ED0699F48EA465C2CFC563 /* AboutController.swift */ = {isa = PBXFileReference; fileEncoding = 4; lastKnownFileType = sourcecode.swift; path = AboutController.swift; sourceTree = "<group>"; };
		19ED081D1D57BD3C8A85CAA6 /* AudioPlayer.swift */ = {isa = PBXFileReference; fileEncoding = 4; lastKnownFileType = sourcecode.swift; name = AudioPlayer.swift; path = BandcampWeekly/Player/AudioPlayer.swift; sourceTree = SOURCE_ROOT; };
		19ED089E569B094F77941468 /* BCImage.swift */ = {isa = PBXFileReference; fileEncoding = 4; lastKnownFileType = sourcecode.swift; path = BCImage.swift; sourceTree = "<group>"; };
		19ED0939CEEFD12C6693B8D1 /* DownloadingNotification.swift */ = {isa = PBXFileReference; fileEncoding = 4; lastKnownFileType = sourcecode.swift; path = DownloadingNotification.swift; sourceTree = "<group>"; };
		19ED0C0CF0EEC874D392B76A /* BandcampCache.swift */ = {isa = PBXFileReference; fileEncoding = 4; lastKnownFileType = sourcecode.swift; path = BandcampCache.swift; sourceTree = "<group>"; };
		19ED0C645E4A781955BCF591 /* EventMonitor.swift */ = {isa = PBXFileReference; fileEncoding = 4; lastKnownFileType = sourcecode.swift; path = EventMonitor.swift; sourceTree = "<group>"; };
		19ED0DB4F4626CC454F7DC96 /* TrackModel.swift */ = {isa = PBXFileReference; fileEncoding = 4; lastKnownFileType = sourcecode.swift; path = TrackModel.swift; sourceTree = "<group>"; };
		3F1F885120172EA600B654DE /* TrackItem.swift */ = {isa = PBXFileReference; lastKnownFileType = sourcecode.swift; path = TrackItem.swift; sourceTree = "<group>"; };
		3F1F885220172EA600B654DE /* TrackItem.xib */ = {isa = PBXFileReference; lastKnownFileType = file.xib; path = TrackItem.xib; sourceTree = "<group>"; };
		3F4BF9D71FF5E57100E8F281 /* BandcampWeekly.app */ = {isa = PBXFileReference; explicitFileType = wrapper.application; includeInIndex = 0; path = BandcampWeekly.app; sourceTree = BUILT_PRODUCTS_DIR; };
		3F4BF9DA1FF5E57100E8F281 /* AppDelegate.swift */ = {isa = PBXFileReference; lastKnownFileType = sourcecode.swift; path = AppDelegate.swift; sourceTree = "<group>"; };
		3F4BF9DC1FF5E57100E8F281 /* ViewController.swift */ = {isa = PBXFileReference; lastKnownFileType = sourcecode.swift; path = ViewController.swift; sourceTree = "<group>"; };
		3F4BF9DE1FF5E57100E8F281 /* Assets.xcassets */ = {isa = PBXFileReference; lastKnownFileType = folder.assetcatalog; path = Assets.xcassets; sourceTree = "<group>"; };
		3F4BF9E11FF5E57100E8F281 /* Base */ = {isa = PBXFileReference; lastKnownFileType = file.storyboard; name = Base; path = Base.lproj/Main.storyboard; sourceTree = "<group>"; };
		3F4BF9E31FF5E57100E8F281 /* Info.plist */ = {isa = PBXFileReference; lastKnownFileType = text.plist.xml; path = Info.plist; sourceTree = "<group>"; };
		3F4BF9E41FF5E57100E8F281 /* BandcampWeekly.entitlements */ = {isa = PBXFileReference; lastKnownFileType = text.plist.entitlements; path = BandcampWeekly.entitlements; sourceTree = "<group>"; };
		3F78E58420104C380025D4EB /* Preference.storyboard */ = {isa = PBXFileReference; lastKnownFileType = file.storyboard; path = Preference.storyboard; sourceTree = "<group>"; };
		3F78E58820104EAF0025D4EB /* PreferenceWindowController.swift */ = {isa = PBXFileReference; lastKnownFileType = sourcecode.swift; path = PreferenceWindowController.swift; sourceTree = "<group>"; };
		3F78E58A2010832A0025D4EB /* DownloadingViewItem.swift */ = {isa = PBXFileReference; lastKnownFileType = sourcecode.swift; path = DownloadingViewItem.swift; sourceTree = "<group>"; };
		3F78E58B2010832A0025D4EB /* DownloadingViewItem.xib */ = {isa = PBXFileReference; lastKnownFileType = file.xib; path = DownloadingViewItem.xib; sourceTree = "<group>"; };
		3F84A2202019DC0200A6C2B8 /* HistoryWeekly.swift */ = {isa = PBXFileReference; lastKnownFileType = sourcecode.swift; path = HistoryWeekly.swift; sourceTree = "<group>"; };
		3F84A2212019DC0200A6C2B8 /* HistoryWeekly.xib */ = {isa = PBXFileReference; lastKnownFileType = file.xib; path = HistoryWeekly.xib; sourceTree = "<group>"; };
		3F84A2252019DC2B00A6C2B8 /* About.storyboard */ = {isa = PBXFileReference; lastKnownFileType = file.storyboard; path = About.storyboard; sourceTree = "<group>"; };
		3F84A2272019DDDC00A6C2B8 /* AboutWindowController.swift */ = {isa = PBXFileReference; lastKnownFileType = sourcecode.swift; path = AboutWindowController.swift; sourceTree = "<group>"; };
		49A5148843CCC13C99A92FB7 /* Pods_BandcampWeekly.framework */ = {isa = PBXFileReference; explicitFileType = wrapper.framework; includeInIndex = 0; path = Pods_BandcampWeekly.framework; sourceTree = BUILT_PRODUCTS_DIR; };
		5581B7649A506DFA68E39114 /* Pods-BandcampWeekly.debug.xcconfig */ = {isa = PBXFileReference; includeInIndex = 1; lastKnownFileType = text.xcconfig; name = "Pods-BandcampWeekly.debug.xcconfig"; path = "Pods/Target Support Files/Pods-BandcampWeekly/Pods-BandcampWeekly.debug.xcconfig"; sourceTree = "<group>"; };
		7E396A86424B3795B3E34682 /* Pods-BandcampWeekly.release.xcconfig */ = {isa = PBXFileReference; includeInIndex = 1; lastKnownFileType = text.xcconfig; name = "Pods-BandcampWeekly.release.xcconfig"; path = "Pods/Target Support Files/Pods-BandcampWeekly/Pods-BandcampWeekly.release.xcconfig"; sourceTree = "<group>"; };
/* End PBXFileReference section */

/* Begin PBXFrameworksBuildPhase section */
		3F4BF9D41FF5E57100E8F281 /* Frameworks */ = {
			isa = PBXFrameworksBuildPhase;
			buildActionMask = 2147483647;
			files = (
				0BAFC765AFAF1A8CBFCCA304 /* Pods_BandcampWeekly.framework in Frameworks */,
			);
			runOnlyForDeploymentPostprocessing = 0;
		};
/* End PBXFrameworksBuildPhase section */

/* Begin PBXGroup section */
		19ED017CCD18E8EBF2EC848B /* Const */ = {
			isa = PBXGroup;
			children = (
				19ED089E569B094F77941468 /* BCImage.swift */,
				19ED0324E303C5EB0BF3488C /* BCColor.swift */,
			);
			path = Const;
			sourceTree = "<group>";
		};
		19ED0199018679BE4FE56B3C /* Notification */ = {
			isa = PBXGroup;
			children = (
				19ED0363A020011A73EA1AF3 /* PlayerNotification.swift */,
				19ED03410A627888B6FFEEA6 /* DataNotification.swift */,
			);
			path = Notification;
			sourceTree = "<group>";
		};
		19ED04FFCA4BC0A808430C81 /* Extension */ = {
			isa = PBXGroup;
			children = (
				19ED02CDD06F0BF088797BBA /* NSImageResize.swift */,
			);
			path = Extension;
			sourceTree = "<group>";
		};
		19ED058F07C0D470898CB417 /* Modal */ = {
			isa = PBXGroup;
			children = (
				19ED04C1101BC310233BA9CC /* WeeklyModel.swift */,
				19ED0091FB3770F7DCC27371 /* BandcampModel.swift */,
				19ED0DB4F4626CC454F7DC96 /* TrackModel.swift */,
				19ED027F21F5BB19A12640B4 /* DownloadingModel.swift */,
				19ED02DD061BF8276D4A0E76 /* HistoryModel.swift */,
				19ED0C0CF0EEC874D392B76A /* BandcampCache.swift */,
			);
			path = Modal;
			sourceTree = "<group>";
		};
		19ED09C5B9437F7A8F32D81D /* Tracks */ = {
			isa = PBXGroup;
			children = (
				3F1F885120172EA600B654DE /* TrackItem.swift */,
				3F1F885220172EA600B654DE /* TrackItem.xib */,
			);
			path = Tracks;
			sourceTree = "<group>";
		};
		19ED0A2D42DAA3892C37E40B /* Player */ = {
			isa = PBXGroup;
			children = (
				19ED081D1D57BD3C8A85CAA6 /* AudioPlayer.swift */,
			);
			path = Player;
			sourceTree = "<group>";
		};
		3F4BF9CE1FF5E57100E8F281 = {
			isa = PBXGroup;
			children = (
				3F4BF9D91FF5E57100E8F281 /* BandcampWeekly */,
				3F4BF9D81FF5E57100E8F281 /* Products */,
				A4B49AA32C59A989CAF90B08 /* Pods */,
				DB05DAA6A304C6194B93FB85 /* Frameworks */,
			);
			sourceTree = "<group>";
		};
		3F4BF9D81FF5E57100E8F281 /* Products */ = {
			isa = PBXGroup;
			children = (
				3F4BF9D71FF5E57100E8F281 /* BandcampWeekly.app */,
			);
			name = Products;
			sourceTree = "<group>";
		};
		3F4BF9D91FF5E57100E8F281 /* BandcampWeekly */ = {
			isa = PBXGroup;
			children = (
				3F84A2242019DC1100A6C2B8 /* About */,
				3F84A21F2019DB8F00A6C2B8 /* HistoryWeekly */,
				3F78E58320104C130025D4EB /* Preference */,
				3F4BF9DA1FF5E57100E8F281 /* AppDelegate.swift */,
				3F4BF9DC1FF5E57100E8F281 /* ViewController.swift */,
				3F4BF9DE1FF5E57100E8F281 /* Assets.xcassets */,
				3F4BF9E01FF5E57100E8F281 /* Main.storyboard */,
				3F4BF9E31FF5E57100E8F281 /* Info.plist */,
				3F4BF9E41FF5E57100E8F281 /* BandcampWeekly.entitlements */,
				19ED040FEF2CBF654A020DBC /* BandcampRequest.swift */,
				19ED058F07C0D470898CB417 /* Modal */,
				19ED0C645E4A781955BCF591 /* EventMonitor.swift */,
				19ED0A2D42DAA3892C37E40B /* Player */,
				19ED017CCD18E8EBF2EC848B /* Const */,
				19ED04FFCA4BC0A808430C81 /* Extension */,
				19ED09C5B9437F7A8F32D81D /* Tracks */,
				19ED0199018679BE4FE56B3C /* Notification */,
			);
			path = BandcampWeekly;
			sourceTree = "<group>";
		};
		3F78E58320104C130025D4EB /* Preference */ = {
			isa = PBXGroup;
			children = (
				3F78E58420104C380025D4EB /* Preference.storyboard */,
				3F78E58820104EAF0025D4EB /* PreferenceWindowController.swift */,
				19ED030C9CA8179CA6E6A531 /* DownloadingViewController.swift */,
				19ED01AA559B1F9AAF0159FD /* SettingViewController.swift */,
				19ED01EEE3992DF0216749CC /* PreferenceViewController.swift */,
				3F78E58A2010832A0025D4EB /* DownloadingViewItem.swift */,
				3F78E58B2010832A0025D4EB /* DownloadingViewItem.xib */,
				19ED0939CEEFD12C6693B8D1 /* DownloadingNotification.swift */,
			);
			path = Preference;
			sourceTree = "<group>";
		};
		3F84A21F2019DB8F00A6C2B8 /* HistoryWeekly */ = {
			isa = PBXGroup;
			children = (
				3F84A2202019DC0200A6C2B8 /* HistoryWeekly.swift */,
				3F84A2212019DC0200A6C2B8 /* HistoryWeekly.xib */,
			);
			path = HistoryWeekly;
			sourceTree = "<group>";
		};
		3F84A2242019DC1100A6C2B8 /* About */ = {
			isa = PBXGroup;
			children = (
				19ED0699F48EA465C2CFC563 /* AboutController.swift */,
				3F84A2252019DC2B00A6C2B8 /* About.storyboard */,
				3F84A2272019DDDC00A6C2B8 /* AboutWindowController.swift */,
			);
			path = About;
			sourceTree = "<group>";
		};
		A4B49AA32C59A989CAF90B08 /* Pods */ = {
			isa = PBXGroup;
			children = (
				5581B7649A506DFA68E39114 /* Pods-BandcampWeekly.debug.xcconfig */,
				7E396A86424B3795B3E34682 /* Pods-BandcampWeekly.release.xcconfig */,
			);
			name = Pods;
			sourceTree = "<group>";
		};
		DB05DAA6A304C6194B93FB85 /* Frameworks */ = {
			isa = PBXGroup;
			children = (
				49A5148843CCC13C99A92FB7 /* Pods_BandcampWeekly.framework */,
			);
			name = Frameworks;
			sourceTree = "<group>";
		};
/* End PBXGroup section */

/* Begin PBXNativeTarget section */
		3F4BF9D61FF5E57100E8F281 /* BandcampWeekly */ = {
			isa = PBXNativeTarget;
			buildConfigurationList = 3F4BF9E71FF5E57100E8F281 /* Build configuration list for PBXNativeTarget "BandcampWeekly" */;
			buildPhases = (
				8AB67DBA87DF388F420FF98F /* [CP] Check Pods Manifest.lock */,
				3F4BF9D31FF5E57100E8F281 /* Sources */,
				3F4BF9D41FF5E57100E8F281 /* Frameworks */,
				3F4BF9D51FF5E57100E8F281 /* Resources */,
				0DE7555ECCE934758AED4FC4 /* [CP] Embed Pods Frameworks */,
				3564392FA9B482683CE95666 /* [CP] Copy Pods Resources */,
			);
			buildRules = (
				3F793BDB2006027100BF3C05 /* PBXBuildRule */,
			);
			dependencies = (
			);
			name = BandcampWeekly;
			productName = BandcampWeekly;
			productReference = 3F4BF9D71FF5E57100E8F281 /* BandcampWeekly.app */;
			productType = "com.apple.product-type.application";
		};
/* End PBXNativeTarget section */

/* Begin PBXProject section */
		3F4BF9CF1FF5E57100E8F281 /* Project object */ = {
			isa = PBXProject;
			attributes = {
				LastSwiftUpdateCheck = 0920;
				LastUpgradeCheck = 0920;
				ORGANIZATIONNAME = Muo.io;
				TargetAttributes = {
					3F4BF9D61FF5E57100E8F281 = {
						CreatedOnToolsVersion = 9.2;
						ProvisioningStyle = Automatic;
					};
				};
			};
			buildConfigurationList = 3F4BF9D21FF5E57100E8F281 /* Build configuration list for PBXProject "BandcampWeekly" */;
			compatibilityVersion = "Xcode 8.0";
			developmentRegion = en;
			hasScannedForEncodings = 0;
			knownRegions = (
				en,
				Base,
			);
			mainGroup = 3F4BF9CE1FF5E57100E8F281;
			productRefGroup = 3F4BF9D81FF5E57100E8F281 /* Products */;
			projectDirPath = "";
			projectRoot = "";
			targets = (
				3F4BF9D61FF5E57100E8F281 /* BandcampWeekly */,
			);
		};
/* End PBXProject section */

/* Begin PBXResourcesBuildPhase section */
		3F4BF9D51FF5E57100E8F281 /* Resources */ = {
			isa = PBXResourcesBuildPhase;
			buildActionMask = 2147483647;
			files = (
				3F78E58D2010832A0025D4EB /* DownloadingViewItem.xib in Resources */,
				3F84A2262019DC2B00A6C2B8 /* About.storyboard in Resources */,
				3F1F885420172EA600B654DE /* TrackItem.xib in Resources */,
				3F4BF9DF1FF5E57100E8F281 /* Assets.xcassets in Resources */,
				3F4BF9E21FF5E57100E8F281 /* Main.storyboard in Resources */,
				3F78E58520104C380025D4EB /* Preference.storyboard in Resources */,
				3F84A2232019DC0200A6C2B8 /* HistoryWeekly.xib in Resources */,
			);
			runOnlyForDeploymentPostprocessing = 0;
		};
/* End PBXResourcesBuildPhase section */

/* Begin PBXShellScriptBuildPhase section */
		0DE7555ECCE934758AED4FC4 /* [CP] Embed Pods Frameworks */ = {
			isa = PBXShellScriptBuildPhase;
			buildActionMask = 2147483647;
			files = (
			);
			inputPaths = (
				"${SRCROOT}/Pods/Target Support Files/Pods-BandcampWeekly/Pods-BandcampWeekly-frameworks.sh",
				"${BUILT_PRODUCTS_DIR}/Alamofire/Alamofire.framework",
				"${BUILT_PRODUCTS_DIR}/AlamofireImage/AlamofireImage.framework",
				"${BUILT_PRODUCTS_DIR}/HexColors/HexColors.framework",
				"${BUILT_PRODUCTS_DIR}/Kingfisher/Kingfisher.framework",
				"${BUILT_PRODUCTS_DIR}/OrderedSet/OrderedSet.framework",
				"${BUILT_PRODUCTS_DIR}/STRegex/Regex.framework",
				"${BUILT_PRODUCTS_DIR}/SwiftDate/SwiftDate.framework",
				"${BUILT_PRODUCTS_DIR}/SwiftSoup/SwiftSoup.framework",
				"${BUILT_PRODUCTS_DIR}/SwiftyJSON/SwiftyJSON.framework",
			);
			name = "[CP] Embed Pods Frameworks";
			outputPaths = (
				"${TARGET_BUILD_DIR}/${FRAMEWORKS_FOLDER_PATH}/Alamofire.framework",
				"${TARGET_BUILD_DIR}/${FRAMEWORKS_FOLDER_PATH}/AlamofireImage.framework",
				"${TARGET_BUILD_DIR}/${FRAMEWORKS_FOLDER_PATH}/HexColors.framework",
				"${TARGET_BUILD_DIR}/${FRAMEWORKS_FOLDER_PATH}/Kingfisher.framework",
				"${TARGET_BUILD_DIR}/${FRAMEWORKS_FOLDER_PATH}/OrderedSet.framework",
				"${TARGET_BUILD_DIR}/${FRAMEWORKS_FOLDER_PATH}/Regex.framework",
				"${TARGET_BUILD_DIR}/${FRAMEWORKS_FOLDER_PATH}/SwiftDate.framework",
				"${TARGET_BUILD_DIR}/${FRAMEWORKS_FOLDER_PATH}/SwiftSoup.framework",
				"${TARGET_BUILD_DIR}/${FRAMEWORKS_FOLDER_PATH}/SwiftyJSON.framework",
			);
			runOnlyForDeploymentPostprocessing = 0;
			shellPath = /bin/sh;
			shellScript = "\"${SRCROOT}/Pods/Target Support Files/Pods-BandcampWeekly/Pods-BandcampWeekly-frameworks.sh\"\n";
			showEnvVarsInLog = 0;
		};
		3564392FA9B482683CE95666 /* [CP] Copy Pods Resources */ = {
			isa = PBXShellScriptBuildPhase;
			buildActionMask = 2147483647;
			files = (
			);
			inputPaths = (
			);
			name = "[CP] Copy Pods Resources";
			outputPaths = (
			);
			runOnlyForDeploymentPostprocessing = 0;
			shellPath = /bin/sh;
			shellScript = "\"${SRCROOT}/Pods/Target Support Files/Pods-BandcampWeekly/Pods-BandcampWeekly-resources.sh\"\n";
			showEnvVarsInLog = 0;
		};
		8AB67DBA87DF388F420FF98F /* [CP] Check Pods Manifest.lock */ = {
			isa = PBXShellScriptBuildPhase;
			buildActionMask = 2147483647;
			files = (
			);
			inputPaths = (
				"${PODS_PODFILE_DIR_PATH}/Podfile.lock",
				"${PODS_ROOT}/Manifest.lock",
			);
			name = "[CP] Check Pods Manifest.lock";
			outputPaths = (
				"$(DERIVED_FILE_DIR)/Pods-BandcampWeekly-checkManifestLockResult.txt",
			);
			runOnlyForDeploymentPostprocessing = 0;
			shellPath = /bin/sh;
			shellScript = "diff \"${PODS_PODFILE_DIR_PATH}/Podfile.lock\" \"${PODS_ROOT}/Manifest.lock\" > /dev/null\nif [ $? != 0 ] ; then\n    # print error to STDERR\n    echo \"error: The sandbox is not in sync with the Podfile.lock. Run 'pod install' or update your CocoaPods installation.\" >&2\n    exit 1\nfi\n# This output is used by Xcode 'outputs' to avoid re-running this script phase.\necho \"SUCCESS\" > \"${SCRIPT_OUTPUT_FILE_0}\"\n";
			showEnvVarsInLog = 0;
		};
/* End PBXShellScriptBuildPhase section */

/* Begin PBXSourcesBuildPhase section */
		3F4BF9D31FF5E57100E8F281 /* Sources */ = {
			isa = PBXSourcesBuildPhase;
			buildActionMask = 2147483647;
			files = (
				3F1F885320172EA600B654DE /* TrackItem.swift in Sources */,
				3F4BF9DD1FF5E57100E8F281 /* ViewController.swift in Sources */,
				3F4BF9DB1FF5E57100E8F281 /* AppDelegate.swift in Sources */,
				19ED0167DFB94B920F2BA024 /* BandcampRequest.swift in Sources */,
				3F84A2282019DDDC00A6C2B8 /* AboutWindowController.swift in Sources */,
				19ED074DC385D7A5CB8FF5A7 /* WeeklyModel.swift in Sources */,
				19ED04FAFEFDEE5EE82D33DD /* BandcampModel.swift in Sources */,
				19ED0EF11AB2286CFCBE9530 /* TrackModel.swift in Sources */,
				19ED0C7023394CCF6F566833 /* EventMonitor.swift in Sources */,
				3F78E58C2010832A0025D4EB /* DownloadingViewItem.swift in Sources */,
				19ED06EC04709438957A5CF9 /* AboutController.swift in Sources */,
				3F78E58920104EAF0025D4EB /* PreferenceWindowController.swift in Sources */,
				19ED05A2BD1D953AA06B5228 /* AudioPlayer.swift in Sources */,
				19ED065BC7DC72D3F5B47770 /* BCImage.swift in Sources */,
				19ED07F303348CA6D75A76E0 /* BCColor.swift in Sources */,
				19ED0F82A63EFDA9A9AC323A /* DownloadingViewController.swift in Sources */,
				19ED0297233523E137472473 /* SettingViewController.swift in Sources */,
				19ED0C4C345A5F90E260A3C8 /* PreferenceViewController.swift in Sources */,
				19ED058EDD519F24218BE8BC /* DownloadingModel.swift in Sources */,
				3F84A2222019DC0200A6C2B8 /* HistoryWeekly.swift in Sources */,
				19ED047F3DC281F5D8E3260E /* DownloadingNotification.swift in Sources */,
				19ED0653E32AD43A159EF58F /* NSImageResize.swift in Sources */,
				19ED062CF7D0992A78F2F678 /* HistoryModel.swift in Sources */,
				19ED0FD29AB02A8403BCBBE3 /* PlayerNotification.swift in Sources */,
				19ED08743D6BF671327E5C3C /* DataNotification.swift in Sources */,
				19ED0E41C9BE19CEC920B917 /* BandcampCache.swift in Sources */,
			);
			runOnlyForDeploymentPostprocessing = 0;
		};
/* End PBXSourcesBuildPhase section */

/* Begin PBXVariantGroup section */
		3F4BF9E01FF5E57100E8F281 /* Main.storyboard */ = {
			isa = PBXVariantGroup;
			children = (
				3F4BF9E11FF5E57100E8F281 /* Base */,
			);
			name = Main.storyboard;
			sourceTree = "<group>";
		};
/* End PBXVariantGroup section */

/* Begin XCBuildConfiguration section */
		3F4BF9E51FF5E57100E8F281 /* Debug */ = {
			isa = XCBuildConfiguration;
			buildSettings = {
				ALWAYS_SEARCH_USER_PATHS = NO;
				CLANG_ANALYZER_NONNULL = YES;
				CLANG_ANALYZER_NUMBER_OBJECT_CONVERSION = YES_AGGRESSIVE;
				CLANG_CXX_LANGUAGE_STANDARD = "gnu++14";
				CLANG_CXX_LIBRARY = "libc++";
				CLANG_ENABLE_MODULES = YES;
				CLANG_ENABLE_OBJC_ARC = YES;
				CLANG_WARN_BLOCK_CAPTURE_AUTORELEASING = YES;
				CLANG_WARN_BOOL_CONVERSION = YES;
				CLANG_WARN_COMMA = YES;
				CLANG_WARN_CONSTANT_CONVERSION = YES;
				CLANG_WARN_DIRECT_OBJC_ISA_USAGE = YES_ERROR;
				CLANG_WARN_DOCUMENTATION_COMMENTS = YES;
				CLANG_WARN_EMPTY_BODY = YES;
				CLANG_WARN_ENUM_CONVERSION = YES;
				CLANG_WARN_INFINITE_RECURSION = YES;
				CLANG_WARN_INT_CONVERSION = YES;
				CLANG_WARN_NON_LITERAL_NULL_CONVERSION = YES;
				CLANG_WARN_OBJC_LITERAL_CONVERSION = YES;
				CLANG_WARN_OBJC_ROOT_CLASS = YES_ERROR;
				CLANG_WARN_RANGE_LOOP_ANALYSIS = YES;
				CLANG_WARN_STRICT_PROTOTYPES = YES;
				CLANG_WARN_SUSPICIOUS_MOVE = YES;
				CLANG_WARN_UNGUARDED_AVAILABILITY = YES_AGGRESSIVE;
				CLANG_WARN_UNREACHABLE_CODE = YES;
				CLANG_WARN__DUPLICATE_METHOD_MATCH = YES;
				CODE_SIGN_IDENTITY = "-";
				COPY_PHASE_STRIP = NO;
				DEBUG_INFORMATION_FORMAT = dwarf;
				ENABLE_STRICT_OBJC_MSGSEND = YES;
				ENABLE_TESTABILITY = YES;
				GCC_C_LANGUAGE_STANDARD = gnu11;
				GCC_DYNAMIC_NO_PIC = NO;
				GCC_NO_COMMON_BLOCKS = YES;
				GCC_OPTIMIZATION_LEVEL = 0;
				GCC_PREPROCESSOR_DEFINITIONS = (
					"DEBUG=1",
					"$(inherited)",
				);
				GCC_WARN_64_TO_32_BIT_CONVERSION = YES;
				GCC_WARN_ABOUT_RETURN_TYPE = YES_ERROR;
				GCC_WARN_UNDECLARED_SELECTOR = YES;
				GCC_WARN_UNINITIALIZED_AUTOS = YES_AGGRESSIVE;
				GCC_WARN_UNUSED_FUNCTION = YES;
				GCC_WARN_UNUSED_VARIABLE = YES;
				MACOSX_DEPLOYMENT_TARGET = 10.13;
				MTL_ENABLE_DEBUG_INFO = YES;
				ONLY_ACTIVE_ARCH = YES;
				SDKROOT = macosx;
				SWIFT_ACTIVE_COMPILATION_CONDITIONS = DEBUG;
				SWIFT_OPTIMIZATION_LEVEL = "-Onone";
			};
			name = Debug;
		};
		3F4BF9E61FF5E57100E8F281 /* Release */ = {
			isa = XCBuildConfiguration;
			buildSettings = {
				ALWAYS_SEARCH_USER_PATHS = NO;
				CLANG_ANALYZER_NONNULL = YES;
				CLANG_ANALYZER_NUMBER_OBJECT_CONVERSION = YES_AGGRESSIVE;
				CLANG_CXX_LANGUAGE_STANDARD = "gnu++14";
				CLANG_CXX_LIBRARY = "libc++";
				CLANG_ENABLE_MODULES = YES;
				CLANG_ENABLE_OBJC_ARC = YES;
				CLANG_WARN_BLOCK_CAPTURE_AUTORELEASING = YES;
				CLANG_WARN_BOOL_CONVERSION = YES;
				CLANG_WARN_COMMA = YES;
				CLANG_WARN_CONSTANT_CONVERSION = YES;
				CLANG_WARN_DIRECT_OBJC_ISA_USAGE = YES_ERROR;
				CLANG_WARN_DOCUMENTATION_COMMENTS = YES;
				CLANG_WARN_EMPTY_BODY = YES;
				CLANG_WARN_ENUM_CONVERSION = YES;
				CLANG_WARN_INFINITE_RECURSION = YES;
				CLANG_WARN_INT_CONVERSION = YES;
				CLANG_WARN_NON_LITERAL_NULL_CONVERSION = YES;
				CLANG_WARN_OBJC_LITERAL_CONVERSION = YES;
				CLANG_WARN_OBJC_ROOT_CLASS = YES_ERROR;
				CLANG_WARN_RANGE_LOOP_ANALYSIS = YES;
				CLANG_WARN_STRICT_PROTOTYPES = YES;
				CLANG_WARN_SUSPICIOUS_MOVE = YES;
				CLANG_WARN_UNGUARDED_AVAILABILITY = YES_AGGRESSIVE;
				CLANG_WARN_UNREACHABLE_CODE = YES;
				CLANG_WARN__DUPLICATE_METHOD_MATCH = YES;
				CODE_SIGN_IDENTITY = "-";
				COPY_PHASE_STRIP = NO;
				DEBUG_INFORMATION_FORMAT = "dwarf-with-dsym";
				ENABLE_NS_ASSERTIONS = NO;
				ENABLE_STRICT_OBJC_MSGSEND = YES;
				GCC_C_LANGUAGE_STANDARD = gnu11;
				GCC_NO_COMMON_BLOCKS = YES;
				GCC_WARN_64_TO_32_BIT_CONVERSION = YES;
				GCC_WARN_ABOUT_RETURN_TYPE = YES_ERROR;
				GCC_WARN_UNDECLARED_SELECTOR = YES;
				GCC_WARN_UNINITIALIZED_AUTOS = YES_AGGRESSIVE;
				GCC_WARN_UNUSED_FUNCTION = YES;
				GCC_WARN_UNUSED_VARIABLE = YES;
				MACOSX_DEPLOYMENT_TARGET = 10.13;
				MTL_ENABLE_DEBUG_INFO = NO;
				SDKROOT = macosx;
				SWIFT_OPTIMIZATION_LEVEL = "-Owholemodule";
			};
			name = Release;
		};
		3F4BF9E81FF5E57100E8F281 /* Debug */ = {
			isa = XCBuildConfiguration;
			baseConfigurationReference = 5581B7649A506DFA68E39114 /* Pods-BandcampWeekly.debug.xcconfig */;
			buildSettings = {
				ASSETCATALOG_COMPILER_APPICON_NAME = AppIcon;
				CODE_SIGN_STYLE = Automatic;
				COMBINE_HIDPI_IMAGES = YES;
				INFOPLIST_FILE = BandcampWeekly/Info.plist;
				LD_RUNPATH_SEARCH_PATHS = "$(inherited) @executable_path/../Frameworks";
				PRODUCT_BUNDLE_IDENTIFIER = io.muo.BandcampWeekly;
				PRODUCT_NAME = "$(TARGET_NAME)";
				SWIFT_VERSION = 4.0;
			};
			name = Debug;
		};
		3F4BF9E91FF5E57100E8F281 /* Release */ = {
			isa = XCBuildConfiguration;
			baseConfigurationReference = 7E396A86424B3795B3E34682 /* Pods-BandcampWeekly.release.xcconfig */;
			buildSettings = {
				ASSETCATALOG_COMPILER_APPICON_NAME = AppIcon;
				CODE_SIGN_STYLE = Automatic;
				COMBINE_HIDPI_IMAGES = YES;
				INFOPLIST_FILE = BandcampWeekly/Info.plist;
				LD_RUNPATH_SEARCH_PATHS = "$(inherited) @executable_path/../Frameworks";
				PRODUCT_BUNDLE_IDENTIFIER = io.muo.BandcampWeekly;
				PRODUCT_NAME = "$(TARGET_NAME)";
				SWIFT_VERSION = 4.0;
			};
			name = Release;
		};
/* End XCBuildConfiguration section */

/* Begin XCConfigurationList section */
		3F4BF9D21FF5E57100E8F281 /* Build configuration list for PBXProject "BandcampWeekly" */ = {
			isa = XCConfigurationList;
			buildConfigurations = (
				3F4BF9E51FF5E57100E8F281 /* Debug */,
				3F4BF9E61FF5E57100E8F281 /* Release */,
			);
			defaultConfigurationIsVisible = 0;
			defaultConfigurationName = Release;
		};
		3F4BF9E71FF5E57100E8F281 /* Build configuration list for PBXNativeTarget "BandcampWeekly" */ = {
			isa = XCConfigurationList;
			buildConfigurations = (
				3F4BF9E81FF5E57100E8F281 /* Debug */,
				3F4BF9E91FF5E57100E8F281 /* Release */,
			);
			defaultConfigurationIsVisible = 0;
			defaultConfigurationName = Release;
		};
/* End XCConfigurationList section */
	};
	rootObject = 3F4BF9CF1FF5E57100E8F281 /* Project object */;
}
